// !$*UTF8*$!
{
	archiveVersion = 1;
	classes = {
	};
	objectVersion = 46;
	objects = {

/* Begin PBXBuildFile section */
		C16E7B3A1CDB457C00D92485 /* main.m in Sources */ = {isa = PBXBuildFile; fileRef = C16E7B391CDB457C00D92485 /* main.m */; };
		C16E7B3D1CDB457C00D92485 /* AppDelegate.m in Sources */ = {isa = PBXBuildFile; fileRef = C16E7B3C1CDB457C00D92485 /* AppDelegate.m */; };
		C16E7B401CDB457C00D92485 /* ViewController.m in Sources */ = {isa = PBXBuildFile; fileRef = C16E7B3F1CDB457C00D92485 /* ViewController.m */; };
		C16E7B431CDB457C00D92485 /* Main.storyboard in Resources */ = {isa = PBXBuildFile; fileRef = C16E7B411CDB457C00D92485 /* Main.storyboard */; };
		C16E7B451CDB457C00D92485 /* Assets.xcassets in Resources */ = {isa = PBXBuildFile; fileRef = C16E7B441CDB457C00D92485 /* Assets.xcassets */; };
		C16E7B481CDB457C00D92485 /* LaunchScreen.storyboard in Resources */ = {isa = PBXBuildFile; fileRef = C16E7B461CDB457C00D92485 /* LaunchScreen.storyboard */; };
		C16E7B561CDB45B000D92485 /* MBProgressHUD.bundle in Resources */ = {isa = PBXBuildFile; fileRef = C16E7B511CDB45B000D92485 /* MBProgressHUD.bundle */; };
		C16E7B571CDB45B000D92485 /* MBProgressHUD.m in Sources */ = {isa = PBXBuildFile; fileRef = C16E7B531CDB45B000D92485 /* MBProgressHUD.m */; };
		C16E7B581CDB45B000D92485 /* MBProgressHUD+Add.m in Sources */ = {isa = PBXBuildFile; fileRef = C16E7B551CDB45B000D92485 /* MBProgressHUD+Add.m */; };
/* End PBXBuildFile section */

/* Begin PBXFileReference section */
		C16E7B351CDB457C00D92485 /* MBProgressHUB+Add.app */ = {isa = PBXFileReference; explicitFileType = wrapper.application; includeInIndex = 0; path = "MBProgressHUB+Add.app"; sourceTree = BUILT_PRODUCTS_DIR; };
		C16E7B391CDB457C00D92485 /* main.m */ = {isa = PBXFileReference; lastKnownFileType = sourcecode.c.objc; path = main.m; sourceTree = "<group>"; };
		C16E7B3B1CDB457C00D92485 /* AppDelegate.h */ = {isa = PBXFileReference; lastKnownFileType = sourcecode.c.h; path = AppDelegate.h; sourceTree = "<group>"; };
		C16E7B3C1CDB457C00D92485 /* AppDelegate.m */ = {isa = PBXFileReference; lastKnownFileType = sourcecode.c.objc; path = AppDelegate.m; sourceTree = "<group>"; };
		C16E7B3E1CDB457C00D92485 /* ViewController.h */ = {isa = PBXFileReference; lastKnownFileType = sourcecode.c.h; path = ViewController.h; sourceTree = "<group>"; };
		C16E7B3F1CDB457C00D92485 /* ViewController.m */ = {isa = PBXFileReference; lastKnownFileType = sourcecode.c.objc; path = ViewController.m; sourceTree = "<group>"; };
		C16E7B421CDB457C00D92485 /* Base */ = {isa = PBXFileReference; lastKnownFileType = file.storyboard; name = Base; path = Base.lproj/Main.storyboard; sourceTree = "<group>"; };
		C16E7B441CDB457C00D92485 /* Assets.xcassets */ = {isa = PBXFileReference; lastKnownFileType = folder.assetcatalog; path = Assets.xcassets; sourceTree = "<group>"; };
		C16E7B471CDB457C00D92485 /* Base */ = {isa = PBXFileReference; lastKnownFileType = file.storyboard; name = Base; path = Base.lproj/LaunchScreen.storyboard; sourceTree = "<group>"; };
		C16E7B491CDB457C00D92485 /* Info.plist */ = {isa = PBXFileReference; lastKnownFileType = text.plist.xml; path = Info.plist; sourceTree = "<group>"; };
		C16E7B511CDB45B000D92485 /* MBProgressHUD.bundle */ = {isa = PBXFileReference; lastKnownFileType = "wrapper.plug-in"; path = MBProgressHUD.bundle; sourceTree = "<group>"; };
		C16E7B521CDB45B000D92485 /* MBProgressHUD.h */ = {isa = PBXFileReference; fileEncoding = 4; lastKnownFileType = sourcecode.c.h; path = MBProgressHUD.h; sourceTree = "<group>"; };
		C16E7B531CDB45B000D92485 /* MBProgressHUD.m */ = {isa = PBXFileReference; fileEncoding = 4; lastKnownFileType = sourcecode.c.objc; path = MBProgressHUD.m; sourceTree = "<group>"; };
		C16E7B541CDB45B000D92485 /* MBProgressHUD+Add.h */ = {isa = PBXFileReference; fileEncoding = 4; lastKnownFileType = sourcecode.c.h; path = "MBProgressHUD+Add.h"; sourceTree = "<group>"; };
		C16E7B551CDB45B000D92485 /* MBProgressHUD+Add.m */ = {isa = PBXFileReference; fileEncoding = 4; lastKnownFileType = sourcecode.c.objc; path = "MBProgressHUD+Add.m"; sourceTree = "<group>"; };
/* End PBXFileReference section */

/* Begin PBXFrameworksBuildPhase section */
		C16E7B321CDB457C00D92485 /* Frameworks */ = {
			isa = PBXFrameworksBuildPhase;
			buildActionMask = 2147483647;
			files = (
			);
			runOnlyForDeploymentPostprocessing = 0;
		};
/* End PBXFrameworksBuildPhase section */

/* Begin PBXGroup section */
		C16E7B2C1CDB457C00D92485 = {
			isa = PBXGroup;
			children = (
				C16E7B371CDB457C00D92485 /* MBProgressHUB+Add */,
				C16E7B361CDB457C00D92485 /* Products */,
			);
			sourceTree = "<group>";
		};
		C16E7B361CDB457C00D92485 /* Products */ = {
			isa = PBXGroup;
			children = (
				C16E7B351CDB457C00D92485 /* MBProgressHUB+Add.app */,
			);
			name = Products;
			sourceTree = "<group>";
		};
		C16E7B371CDB457C00D92485 /* MBProgressHUB+Add */ = {
			isa = PBXGroup;
			children = (
				C16E7B4F1CDB45B000D92485 /* Tools */,
				C16E7B3B1CDB457C00D92485 /* AppDelegate.h */,
				C16E7B3C1CDB457C00D92485 /* AppDelegate.m */,
				C16E7B3E1CDB457C00D92485 /* ViewController.h */,
				C16E7B3F1CDB457C00D92485 /* ViewController.m */,
				C16E7B411CDB457C00D92485 /* Main.storyboard */,
				C16E7B441CDB457C00D92485 /* Assets.xcassets */,
				C16E7B461CDB457C00D92485 /* LaunchScreen.storyboard */,
				C16E7B491CDB457C00D92485 /* Info.plist */,
				C16E7B381CDB457C00D92485 /* Supporting Files */,
			);
			path = "MBProgressHUB+Add";
			sourceTree = "<group>";
		};
		C16E7B381CDB457C00D92485 /* Supporting Files */ = {
			isa = PBXGroup;
			children = (
				C16E7B391CDB457C00D92485 /* main.m */,
			);
			name = "Supporting Files";
			sourceTree = "<group>";
		};
		C16E7B4F1CDB45B000D92485 /* Tools */ = {
			isa = PBXGroup;
			children = (
				C16E7B501CDB45B000D92485 /* MBProgressHUD */,
				C16E7B541CDB45B000D92485 /* MBProgressHUD+Add.h */,
				C16E7B551CDB45B000D92485 /* MBProgressHUD+Add.m */,
			);
			path = Tools;
			sourceTree = "<group>";
		};
		C16E7B501CDB45B000D92485 /* MBProgressHUD */ = {
			isa = PBXGroup;
			children = (
				C16E7B511CDB45B000D92485 /* MBProgressHUD.bundle */,
				C16E7B521CDB45B000D92485 /* MBProgressHUD.h */,
				C16E7B531CDB45B000D92485 /* MBProgressHUD.m */,
			);
			path = MBProgressHUD;
			sourceTree = "<group>";
		};
/* End PBXGroup section */

/* Begin PBXNativeTarget section */
		C16E7B341CDB457C00D92485 /* MBProgressHUB+Add */ = {
			isa = PBXNativeTarget;
			buildConfigurationList = C16E7B4C1CDB457C00D92485 /* Build configuration list for PBXNativeTarget "MBProgressHUB+Add" */;
			buildPhases = (
				C16E7B311CDB457C00D92485 /* Sources */,
				C16E7B321CDB457C00D92485 /* Frameworks */,
				C16E7B331CDB457C00D92485 /* Resources */,
			);
			buildRules = (
			);
			dependencies = (
			);
			name = "MBProgressHUB+Add";
			productName = "MBProgressHUB+Add";
			productReference = C16E7B351CDB457C00D92485 /* MBProgressHUB+Add.app */;
			productType = "com.apple.product-type.application";
		};
/* End PBXNativeTarget section */

/* Begin PBXProject section */
		C16E7B2D1CDB457C00D92485 /* Project object */ = {
			isa = PBXProject;
			attributes = {
				LastUpgradeCheck = 0730;
				ORGANIZATIONNAME = shenAlexy;
				TargetAttributes = {
					C16E7B341CDB457C00D92485 = {
						CreatedOnToolsVersion = 7.3;
					};
				};
			};
			buildConfigurationList = C16E7B301CDB457C00D92485 /* Build configuration list for PBXProject "MBProgressHUB+Add" */;
			compatibilityVersion = "Xcode 3.2";
			developmentRegion = English;
			hasScannedForEncodings = 0;
			knownRegions = (
				en,
				Base,
			);
			mainGroup = C16E7B2C1CDB457C00D92485;
			productRefGroup = C16E7B361CDB457C00D92485 /* Products */;
			projectDirPath = "";
			projectRoot = "";
			targets = (
				C16E7B341CDB457C00D92485 /* MBProgressHUB+Add */,
			);
		};
/* End PBXProject section */

/* Begin PBXResourcesBuildPhase section */
		C16E7B331CDB457C00D92485 /* Resources */ = {
			isa = PBXResourcesBuildPhase;
			buildActionMask = 2147483647;
			files = (
				C16E7B481CDB457C00D92485 /* LaunchScreen.storyboard in Resources */,
				C16E7B561CDB45B000D92485 /* MBProgressHUD.bundle in Resources */,
				C16E7B451CDB457C00D92485 /* Assets.xcassets in Resources */,
				C16E7B431CDB457C00D92485 /* Main.storyboard in Resources */,
			);
			runOnlyForDeploymentPostprocessing = 0;
		};
/* End PBXResourcesBuildPhase section */

/* Begin PBXSourcesBuildPhase section */
		C16E7B311CDB457C00D92485 /* Sources */ = {
			isa = PBXSourcesBuildPhase;
			buildActionMask = 2147483647;
			files = (
				C16E7B401CDB457C00D92485 /* ViewController.m in Sources */,
				C16E7B3D1CDB457C00D92485 /* AppDelegate.m in Sources */,
				C16E7B581CDB45B000D92485 /* MBProgressHUD+Add.m in Sources */,
				C16E7B3A1CDB457C00D92485 /* main.m in Sources */,
				C16E7B571CDB45B000D92485 /* MBProgressHUD.m in Sources */,
			);
			runOnlyForDeploymentPostprocessing = 0;
		};
/* End PBXSourcesBuildPhase section */

/* Begin PBXVariantGroup section */
		C16E7B411CDB457C00D92485 /* Main.storyboard */ = {
			isa = PBXVariantGroup;
			children = (
				C16E7B421CDB457C00D92485 /* Base */,
			);
			name = Main.storyboard;
			sourceTree = "<group>";
		};
		C16E7B461CDB457C00D92485 /* LaunchScreen.storyboard */ = {
			isa = PBXVariantGroup;
			children = (
				C16E7B471CDB457C00D92485 /* Base */,
			);
			name = LaunchScreen.storyboard;
			sourceTree = "<group>";
		};
/* End PBXVariantGroup section */

/* Begin XCBuildConfiguration section */
		C16E7B4A1CDB457C00D92485 /* Debug */ = {
			isa = XCBuildConfiguration;
			buildSettings = {
				ALWAYS_SEARCH_USER_PATHS = NO;
				CLANG_ANALYZER_NONNULL = YES;
				CLANG_CXX_LANGUAGE_STANDARD = "gnu++0x";
				CLANG_CXX_LIBRARY = "libc++";
				CLANG_ENABLE_MODULES = YES;
				CLANG_ENABLE_OBJC_ARC = YES;
				CLANG_WARN_BOOL_CONVERSION = YES;
				CLANG_WARN_CONSTANT_CONVERSION = YES;
				CLANG_WARN_DIRECT_OBJC_ISA_USAGE = YES_ERROR;
				CLANG_WARN_EMPTY_BODY = YES;
				CLANG_WARN_ENUM_CONVERSION = YES;
				CLANG_WARN_INT_CONVERSION = YES;
				CLANG_WARN_OBJC_ROOT_CLASS = YES_ERROR;
				CLANG_WARN_UNREACHABLE_CODE = YES;
				CLANG_WARN__DUPLICATE_METHOD_MATCH = YES;
				"CODE_SIGN_IDENTITY[sdk=iphoneos*]" = "iPhone Developer";
				COPY_PHASE_STRIP = NO;
				DEBUG_INFORMATION_FORMAT = dwarf;
				ENABLE_STRICT_OBJC_MSGSEND = YES;
				ENABLE_TESTABILITY = YES;
				GCC_C_LANGUAGE_STANDARD = gnu99;
				GCC_DYNAMIC_NO_PIC = NO;
				GCC_NO_COMMON_BLOCKS = YES;
				GCC_OPTIMIZATION_LEVEL = 0;
				GCC_PREPROCESSOR_DEFINITIONS = (
					"DEBUG=1",
					"$(inherited)",
				);
				GCC_WARN_64_TO_32_BIT_CONVERSION = YES;
				GCC_WARN_ABOUT_RETURN_TYPE = YES_ERROR;
				GCC_WARN_UNDECLARED_SELECTOR = YES;
				GCC_WARN_UNINITIALIZED_AUTOS = YES_AGGRESSIVE;
				GCC_WARN_UNUSED_FUNCTION = YES;
				GCC_WARN_UNUSED_VARIABLE = YES;
				IPHONEOS_DEPLOYMENT_TARGET = 9.3;
				MTL_ENABLE_DEBUG_INFO = YES;
				ONLY_ACTIVE_ARCH = YES;
				SDKROOT = iphoneos;
				TARGETED_DEVICE_FAMILY = "1,2";
			};
			name = Debug;
		};
		C16E7B4B1CDB457C00D92485 /* Release */ = {
			isa = XCBuildConfiguration;
			buildSettings = {
				ALWAYS_SEARCH_USER_PATHS = NO;
				CLANG_ANALYZER_NONNULL = YES;
				CLANG_CXX_LANGUAGE_STANDARD = "gnu++0x";
				CLANG_CXX_LIBRARY = "libc++";
				CLANG_ENABLE_MODULES = YES;
				CLANG_ENABLE_OBJC_ARC = YES;
				CLANG_WARN_BOOL_CONVERSION = YES;
				CLANG_WARN_CONSTANT_CONVERSION = YES;
				CLANG_WARN_DIRECT_OBJC_ISA_USAGE = YES_ERROR;
				CLANG_WARN_EMPTY_BODY = YES;
				CLANG_WARN_ENUM_CONVERSION = YES;
				CLANG_WARN_INT_CONVERSION = YES;
				CLANG_WARN_OBJC_ROOT_CLASS = YES_ERROR;
				CLANG_WARN_UNREACHABLE_CODE = YES;
				CLANG_WARN__DUPLICATE_METHOD_MATCH = YES;
				"CODE_SIGN_IDENTITY[sdk=iphoneos*]" = "iPhone Developer";
				COPY_PHASE_STRIP = NO;
				DEBUG_INFORMATION_FORMAT = "dwarf-with-dsym";
				ENABLE_NS_ASSERTIONS = NO;
				ENABLE_STRICT_OBJC_MSGSEND = YES;
				GCC_C_LANGUAGE_STANDARD = gnu99;
				GCC_NO_COMMON_BLOCKS = YES;
				GCC_WARN_64_TO_32_BIT_CONVERSION = YES;
				GCC_WARN_ABOUT_RETURN_TYPE = YES_ERROR;
				GCC_WARN_UNDECLARED_SELECTOR = YES;
				GCC_WARN_UNINITIALIZED_AUTOS = YES_AGGRESSIVE;
				GCC_WARN_UNUSED_FUNCTION = YES;
				GCC_WARN_UNUSED_VARIABLE = YES;
				IPHONEOS_DEPLOYMENT_TARGET = 9.3;
				MTL_ENABLE_DEBUG_INFO = NO;
				SDKROOT = iphoneos;
				TARGETED_DEVICE_FAMILY = "1,2";
				VALIDATE_PRODUCT = YES;
			};
			name = Release;
		};
		C16E7B4D1CDB457C00D92485 /* Debug */ = {
			isa = XCBuildConfiguration;
			buildSettings = {
				ASSETCATALOG_COMPILER_APPICON_NAME = AppIcon;
				INFOPLIST_FILE = "MBProgressHUB+Add/Info.plist";
				LD_RUNPATH_SEARCH_PATHS = "$(inherited) @executable_path/Frameworks";
				PRODUCT_BUNDLE_IDENTIFIER = "shenAlexy.MBProgressHUB-Add";
				PRODUCT_NAME = "$(TARGET_NAME)";
			};
			name = Debug;
		};
		C16E7B4E1CDB457C00D92485 /* Release */ = {
			isa = XCBuildConfiguration;
			buildSettings = {
				ASSETCATALOG_COMPILER_APPICON_NAME = AppIcon;
				INFOPLIST_FILE = "MBProgressHUB+Add/Info.plist";
				LD_RUNPATH_SEARCH_PATHS = "$(inherited) @executable_path/Frameworks";
				PRODUCT_BUNDLE_IDENTIFIER = "shenAlexy.MBProgressHUB-Add";
				PRODUCT_NAME = "$(TARGET_NAME)";
			};
			name = Release;
		};
/* End XCBuildConfiguration section */

/* Begin XCConfigurationList section */
		C16E7B301CDB457C00D92485 /* Build configuration list for PBXProject "MBProgressHUB+Add" */ = {
			isa = XCConfigurationList;
			buildConfigurations = (
				C16E7B4A1CDB457C00D92485 /* Debug */,
				C16E7B4B1CDB457C00D92485 /* Release */,
			);
			defaultConfigurationIsVisible = 0;
			defaultConfigurationName = Release;
		};
		C16E7B4C1CDB457C00D92485 /* Build configuration list for PBXNativeTarget "MBProgressHUB+Add" */ = {
			isa = XCConfigurationList;
			buildConfigurations = (
				C16E7B4D1CDB457C00D92485 /* Debug */,
				C16E7B4E1CDB457C00D92485 /* Release */,
			);
			defaultConfigurationIsVisible = 0;
		};
/* End XCConfigurationList section */
	};
	rootObject = C16E7B2D1CDB457C00D92485 /* Project object */;
}
